// !$*UTF8*$!
{
	archiveVersion = 1;
	classes = {
	};
	objectVersion = 50;
	objects = {

/* Begin PBXBuildFile section */
		5423236E2641A8D9007E5ABD /* AppDelegate.swift in Sources */ = {isa = PBXBuildFile; fileRef = 5423236D2641A8D9007E5ABD /* AppDelegate.swift */; };
		542323702641A8D9007E5ABD /* SceneDelegate.swift in Sources */ = {isa = PBXBuildFile; fileRef = 5423236F2641A8D9007E5ABD /* SceneDelegate.swift */; };
		542323722641A8D9007E5ABD /* ViewController.swift in Sources */ = {isa = PBXBuildFile; fileRef = 542323712641A8D9007E5ABD /* ViewController.swift */; };
		542323752641A8D9007E5ABD /* Main.storyboard in Resources */ = {isa = PBXBuildFile; fileRef = 542323732641A8D9007E5ABD /* Main.storyboard */; };
		542323772641A8DB007E5ABD /* Assets.xcassets in Resources */ = {isa = PBXBuildFile; fileRef = 542323762641A8DB007E5ABD /* Assets.xcassets */; };
		5423237A2641A8DB007E5ABD /* LaunchScreen.storyboard in Resources */ = {isa = PBXBuildFile; fileRef = 542323782641A8DB007E5ABD /* LaunchScreen.storyboard */; };
		542323852641A8DB007E5ABD /* QuizTests.swift in Sources */ = {isa = PBXBuildFile; fileRef = 542323842641A8DB007E5ABD /* QuizTests.swift */; };
		542323902641A8DB007E5ABD /* QuizUITests.swift in Sources */ = {isa = PBXBuildFile; fileRef = 5423238F2641A8DB007E5ABD /* QuizUITests.swift */; };
/* End PBXBuildFile section */

/* Begin PBXContainerItemProxy section */
		542323812641A8DB007E5ABD /* PBXContainerItemProxy */ = {
			isa = PBXContainerItemProxy;
			containerPortal = 542323622641A8D9007E5ABD /* Project object */;
			proxyType = 1;
			remoteGlobalIDString = 542323692641A8D9007E5ABD;
			remoteInfo = Quiz;
		};
		5423238C2641A8DB007E5ABD /* PBXContainerItemProxy */ = {
			isa = PBXContainerItemProxy;
			containerPortal = 542323622641A8D9007E5ABD /* Project object */;
			proxyType = 1;
			remoteGlobalIDString = 542323692641A8D9007E5ABD;
			remoteInfo = Quiz;
		};
/* End PBXContainerItemProxy section */

/* Begin PBXFileReference section */
		5423236A2641A8D9007E5ABD /* Quiz.app */ = {isa = PBXFileReference; explicitFileType = wrapper.application; includeInIndex = 0; path = Quiz.app; sourceTree = BUILT_PRODUCTS_DIR; };
		5423236D2641A8D9007E5ABD /* AppDelegate.swift */ = {isa = PBXFileReference; lastKnownFileType = sourcecode.swift; path = AppDelegate.swift; sourceTree = "<group>"; };
		5423236F2641A8D9007E5ABD /* SceneDelegate.swift */ = {isa = PBXFileReference; lastKnownFileType = sourcecode.swift; path = SceneDelegate.swift; sourceTree = "<group>"; };
		542323712641A8D9007E5ABD /* ViewController.swift */ = {isa = PBXFileReference; lastKnownFileType = sourcecode.swift; path = ViewController.swift; sourceTree = "<group>"; };
		542323742641A8D9007E5ABD /* Base */ = {isa = PBXFileReference; lastKnownFileType = file.storyboard; name = Base; path = Base.lproj/Main.storyboard; sourceTree = "<group>"; };
		542323762641A8DB007E5ABD /* Assets.xcassets */ = {isa = PBXFileReference; lastKnownFileType = folder.assetcatalog; path = Assets.xcassets; sourceTree = "<group>"; };
		542323792641A8DB007E5ABD /* Base */ = {isa = PBXFileReference; lastKnownFileType = file.storyboard; name = Base; path = Base.lproj/LaunchScreen.storyboard; sourceTree = "<group>"; };
		5423237B2641A8DB007E5ABD /* Info.plist */ = {isa = PBXFileReference; lastKnownFileType = text.plist.xml; path = Info.plist; sourceTree = "<group>"; };
		542323802641A8DB007E5ABD /* QuizTests.xctest */ = {isa = PBXFileReference; explicitFileType = wrapper.cfbundle; includeInIndex = 0; path = QuizTests.xctest; sourceTree = BUILT_PRODUCTS_DIR; };
		542323842641A8DB007E5ABD /* QuizTests.swift */ = {isa = PBXFileReference; lastKnownFileType = sourcecode.swift; path = QuizTests.swift; sourceTree = "<group>"; };
		542323862641A8DB007E5ABD /* Info.plist */ = {isa = PBXFileReference; lastKnownFileType = text.plist.xml; path = Info.plist; sourceTree = "<group>"; };
		5423238B2641A8DB007E5ABD /* QuizUITests.xctest */ = {isa = PBXFileReference; explicitFileType = wrapper.cfbundle; includeInIndex = 0; path = QuizUITests.xctest; sourceTree = BUILT_PRODUCTS_DIR; };
		5423238F2641A8DB007E5ABD /* QuizUITests.swift */ = {isa = PBXFileReference; lastKnownFileType = sourcecode.swift; path = QuizUITests.swift; sourceTree = "<group>"; };
		542323912641A8DB007E5ABD /* Info.plist */ = {isa = PBXFileReference; lastKnownFileType = text.plist.xml; path = Info.plist; sourceTree = "<group>"; };
/* End PBXFileReference section */

/* Begin PBXFrameworksBuildPhase section */
		542323672641A8D9007E5ABD /* Frameworks */ = {
			isa = PBXFrameworksBuildPhase;
			buildActionMask = 2147483647;
			files = (
			);
			runOnlyForDeploymentPostprocessing = 0;
		};
		5423237D2641A8DB007E5ABD /* Frameworks */ = {
			isa = PBXFrameworksBuildPhase;
			buildActionMask = 2147483647;
			files = (
			);
			runOnlyForDeploymentPostprocessing = 0;
		};
		542323882641A8DB007E5ABD /* Frameworks */ = {
			isa = PBXFrameworksBuildPhase;
			buildActionMask = 2147483647;
			files = (
			);
			runOnlyForDeploymentPostprocessing = 0;
		};
/* End PBXFrameworksBuildPhase section */

/* Begin PBXGroup section */
		542323612641A8D9007E5ABD = {
			isa = PBXGroup;
			children = (
				5423236C2641A8D9007E5ABD /* Quiz */,
				542323832641A8DB007E5ABD /* QuizTests */,
				5423238E2641A8DB007E5ABD /* QuizUITests */,
				5423236B2641A8D9007E5ABD /* Products */,
			);
			sourceTree = "<group>";
		};
		5423236B2641A8D9007E5ABD /* Products */ = {
			isa = PBXGroup;
			children = (
				5423236A2641A8D9007E5ABD /* Quiz.app */,
				542323802641A8DB007E5ABD /* QuizTests.xctest */,
				5423238B2641A8DB007E5ABD /* QuizUITests.xctest */,
			);
			name = Products;
			sourceTree = "<group>";
		};
		5423236C2641A8D9007E5ABD /* Quiz */ = {
			isa = PBXGroup;
			children = (
				5423236D2641A8D9007E5ABD /* AppDelegate.swift */,
				5423236F2641A8D9007E5ABD /* SceneDelegate.swift */,
				542323712641A8D9007E5ABD /* ViewController.swift */,
				542323732641A8D9007E5ABD /* Main.storyboard */,
				542323762641A8DB007E5ABD /* Assets.xcassets */,
				542323782641A8DB007E5ABD /* LaunchScreen.storyboard */,
				5423237B2641A8DB007E5ABD /* Info.plist */,
			);
			path = Quiz;
			sourceTree = "<group>";
		};
		542323832641A8DB007E5ABD /* QuizTests */ = {
			isa = PBXGroup;
			children = (
				542323842641A8DB007E5ABD /* QuizTests.swift */,
				542323862641A8DB007E5ABD /* Info.plist */,
			);
			path = QuizTests;
			sourceTree = "<group>";
		};
		5423238E2641A8DB007E5ABD /* QuizUITests */ = {
			isa = PBXGroup;
			children = (
				5423238F2641A8DB007E5ABD /* QuizUITests.swift */,
				542323912641A8DB007E5ABD /* Info.plist */,
			);
			path = QuizUITests;
			sourceTree = "<group>";
		};
/* End PBXGroup section */

/* Begin PBXNativeTarget section */
		542323692641A8D9007E5ABD /* Quiz */ = {
			isa = PBXNativeTarget;
			buildConfigurationList = 542323942641A8DB007E5ABD /* Build configuration list for PBXNativeTarget "Quiz" */;
			buildPhases = (
				542323662641A8D9007E5ABD /* Sources */,
				542323672641A8D9007E5ABD /* Frameworks */,
				542323682641A8D9007E5ABD /* Resources */,
			);
			buildRules = (
			);
			dependencies = (
			);
			name = Quiz;
			productName = Quiz;
			productReference = 5423236A2641A8D9007E5ABD /* Quiz.app */;
			productType = "com.apple.product-type.application";
		};
		5423237F2641A8DB007E5ABD /* QuizTests */ = {
			isa = PBXNativeTarget;
			buildConfigurationList = 542323972641A8DB007E5ABD /* Build configuration list for PBXNativeTarget "QuizTests" */;
			buildPhases = (
				5423237C2641A8DB007E5ABD /* Sources */,
				5423237D2641A8DB007E5ABD /* Frameworks */,
				5423237E2641A8DB007E5ABD /* Resources */,
			);
			buildRules = (
			);
			dependencies = (
				542323822641A8DB007E5ABD /* PBXTargetDependency */,
			);
			name = QuizTests;
			productName = QuizTests;
			productReference = 542323802641A8DB007E5ABD /* QuizTests.xctest */;
			productType = "com.apple.product-type.bundle.unit-test";
		};
		5423238A2641A8DB007E5ABD /* QuizUITests */ = {
			isa = PBXNativeTarget;
			buildConfigurationList = 5423239A2641A8DB007E5ABD /* Build configuration list for PBXNativeTarget "QuizUITests" */;
			buildPhases = (
				542323872641A8DB007E5ABD /* Sources */,
				542323882641A8DB007E5ABD /* Frameworks */,
				542323892641A8DB007E5ABD /* Resources */,
			);
			buildRules = (
			);
			dependencies = (
				5423238D2641A8DB007E5ABD /* PBXTargetDependency */,
			);
			name = QuizUITests;
			productName = QuizUITests;
			productReference = 5423238B2641A8DB007E5ABD /* QuizUITests.xctest */;
			productType = "com.apple.product-type.bundle.ui-testing";
		};
/* End PBXNativeTarget section */

/* Begin PBXProject section */
		542323622641A8D9007E5ABD /* Project object */ = {
			isa = PBXProject;
			attributes = {
				LastSwiftUpdateCheck = 1240;
				LastUpgradeCheck = 1240;
				TargetAttributes = {
					542323692641A8D9007E5ABD = {
						CreatedOnToolsVersion = 12.4;
					};
					5423237F2641A8DB007E5ABD = {
						CreatedOnToolsVersion = 12.4;
						TestTargetID = 542323692641A8D9007E5ABD;
					};
					5423238A2641A8DB007E5ABD = {
						CreatedOnToolsVersion = 12.4;
						TestTargetID = 542323692641A8D9007E5ABD;
					};
				};
			};
			buildConfigurationList = 542323652641A8D9007E5ABD /* Build configuration list for PBXProject "Quiz" */;
			compatibilityVersion = "Xcode 9.3";
			developmentRegion = en;
			hasScannedForEncodings = 0;
			knownRegions = (
				en,
				Base,
			);
			mainGroup = 542323612641A8D9007E5ABD;
			productRefGroup = 5423236B2641A8D9007E5ABD /* Products */;
			projectDirPath = "";
			projectRoot = "";
			targets = (
				542323692641A8D9007E5ABD /* Quiz */,
				5423237F2641A8DB007E5ABD /* QuizTests */,
				5423238A2641A8DB007E5ABD /* QuizUITests */,
			);
		};
/* End PBXProject section */

/* Begin PBXResourcesBuildPhase section */
		542323682641A8D9007E5ABD /* Resources */ = {
			isa = PBXResourcesBuildPhase;
			buildActionMask = 2147483647;
			files = (
				5423237A2641A8DB007E5ABD /* LaunchScreen.storyboard in Resources */,
				542323772641A8DB007E5ABD /* Assets.xcassets in Resources */,
				542323752641A8D9007E5ABD /* Main.storyboard in Resources */,
			);
			runOnlyForDeploymentPostprocessing = 0;
		};
		5423237E2641A8DB007E5ABD /* Resources */ = {
			isa = PBXResourcesBuildPhase;
			buildActionMask = 2147483647;
			files = (
			);
			runOnlyForDeploymentPostprocessing = 0;
		};
		542323892641A8DB007E5ABD /* Resources */ = {
			isa = PBXResourcesBuildPhase;
			buildActionMask = 2147483647;
			files = (
			);
			runOnlyForDeploymentPostprocessing = 0;
		};
/* End PBXResourcesBuildPhase section */

/* Begin PBXSourcesBuildPhase section */
		542323662641A8D9007E5ABD /* Sources */ = {
			isa = PBXSourcesBuildPhase;
			buildActionMask = 2147483647;
			files = (
				542323722641A8D9007E5ABD /* ViewController.swift in Sources */,
				5423236E2641A8D9007E5ABD /* AppDelegate.swift in Sources */,
				542323702641A8D9007E5ABD /* SceneDelegate.swift in Sources */,
			);
			runOnlyForDeploymentPostprocessing = 0;
		};
		5423237C2641A8DB007E5ABD /* Sources */ = {
			isa = PBXSourcesBuildPhase;
			buildActionMask = 2147483647;
			files = (
				542323852641A8DB007E5ABD /* QuizTests.swift in Sources */,
			);
			runOnlyForDeploymentPostprocessing = 0;
		};
		542323872641A8DB007E5ABD /* Sources */ = {
			isa = PBXSourcesBuildPhase;
			buildActionMask = 2147483647;
			files = (
				542323902641A8DB007E5ABD /* QuizUITests.swift in Sources */,
			);
			runOnlyForDeploymentPostprocessing = 0;
		};
/* End PBXSourcesBuildPhase section */

/* Begin PBXTargetDependency section */
		542323822641A8DB007E5ABD /* PBXTargetDependency */ = {
			isa = PBXTargetDependency;
			target = 542323692641A8D9007E5ABD /* Quiz */;
			targetProxy = 542323812641A8DB007E5ABD /* PBXContainerItemProxy */;
		};
		5423238D2641A8DB007E5ABD /* PBXTargetDependency */ = {
			isa = PBXTargetDependency;
			target = 542323692641A8D9007E5ABD /* Quiz */;
			targetProxy = 5423238C2641A8DB007E5ABD /* PBXContainerItemProxy */;
		};
/* End PBXTargetDependency section */

/* Begin PBXVariantGroup section */
		542323732641A8D9007E5ABD /* Main.storyboard */ = {
			isa = PBXVariantGroup;
			children = (
				542323742641A8D9007E5ABD /* Base */,
			);
			name = Main.storyboard;
			sourceTree = "<group>";
		};
		542323782641A8DB007E5ABD /* LaunchScreen.storyboard */ = {
			isa = PBXVariantGroup;
			children = (
				542323792641A8DB007E5ABD /* Base */,
			);
			name = LaunchScreen.storyboard;
			sourceTree = "<group>";
		};
/* End PBXVariantGroup section */

/* Begin XCBuildConfiguration section */
		542323922641A8DB007E5ABD /* Debug */ = {
			isa = XCBuildConfiguration;
			buildSettings = {
				ALWAYS_SEARCH_USER_PATHS = NO;
				CLANG_ANALYZER_NONNULL = YES;
				CLANG_ANALYZER_NUMBER_OBJECT_CONVERSION = YES_AGGRESSIVE;
				CLANG_CXX_LANGUAGE_STANDARD = "gnu++14";
				CLANG_CXX_LIBRARY = "libc++";
				CLANG_ENABLE_MODULES = YES;
				CLANG_ENABLE_OBJC_ARC = YES;
				CLANG_ENABLE_OBJC_WEAK = YES;
				CLANG_WARN_BLOCK_CAPTURE_AUTORELEASING = YES;
				CLANG_WARN_BOOL_CONVERSION = YES;
				CLANG_WARN_COMMA = YES;
				CLANG_WARN_CONSTANT_CONVERSION = YES;
				CLANG_WARN_DEPRECATED_OBJC_IMPLEMENTATIONS = YES;
				CLANG_WARN_DIRECT_OBJC_ISA_USAGE = YES_ERROR;
				CLANG_WARN_DOCUMENTATION_COMMENTS = YES;
				CLANG_WARN_EMPTY_BODY = YES;
				CLANG_WARN_ENUM_CONVERSION = YES;
				CLANG_WARN_INFINITE_RECURSION = YES;
				CLANG_WARN_INT_CONVERSION = YES;
				CLANG_WARN_NON_LITERAL_NULL_CONVERSION = YES;
				CLANG_WARN_OBJC_IMPLICIT_RETAIN_SELF = YES;
				CLANG_WARN_OBJC_LITERAL_CONVERSION = YES;
				CLANG_WARN_OBJC_ROOT_CLASS = YES_ERROR;
				CLANG_WARN_QUOTED_INCLUDE_IN_FRAMEWORK_HEADER = YES;
				CLANG_WARN_RANGE_LOOP_ANALYSIS = YES;
				CLANG_WARN_STRICT_PROTOTYPES = YES;
				CLANG_WARN_SUSPICIOUS_MOVE = YES;
				CLANG_WARN_UNGUARDED_AVAILABILITY = YES_AGGRESSIVE;
				CLANG_WARN_UNREACHABLE_CODE = YES;
				CLANG_WARN__DUPLICATE_METHOD_MATCH = YES;
				COPY_PHASE_STRIP = NO;
				DEBUG_INFORMATION_FORMAT = dwarf;
				ENABLE_STRICT_OBJC_MSGSEND = YES;
				ENABLE_TESTABILITY = YES;
				GCC_C_LANGUAGE_STANDARD = gnu11;
				GCC_DYNAMIC_NO_PIC = NO;
				GCC_NO_COMMON_BLOCKS = YES;
				GCC_OPTIMIZATION_LEVEL = 0;
				GCC_PREPROCESSOR_DEFINITIONS = (
					"DEBUG=1",
					"$(inherited)",
				);
				GCC_WARN_64_TO_32_BIT_CONVERSION = YES;
				GCC_WARN_ABOUT_RETURN_TYPE = YES_ERROR;
				GCC_WARN_UNDECLARED_SELECTOR = YES;
				GCC_WARN_UNINITIALIZED_AUTOS = YES_AGGRESSIVE;
				GCC_WARN_UNUSED_FUNCTION = YES;
				GCC_WARN_UNUSED_VARIABLE = YES;
				IPHONEOS_DEPLOYMENT_TARGET = 14.4;
				MTL_ENABLE_DEBUG_INFO = INCLUDE_SOURCE;
				MTL_FAST_MATH = YES;
				ONLY_ACTIVE_ARCH = YES;
				SDKROOT = iphoneos;
				SWIFT_ACTIVE_COMPILATION_CONDITIONS = DEBUG;
				SWIFT_OPTIMIZATION_LEVEL = "-Onone";
			};
			name = Debug;
		};
		542323932641A8DB007E5ABD /* Release */ = {
			isa = XCBuildConfiguration;
			buildSettings = {
				ALWAYS_SEARCH_USER_PATHS = NO;
				CLANG_ANALYZER_NONNULL = YES;
				CLANG_ANALYZER_NUMBER_OBJECT_CONVERSION = YES_AGGRESSIVE;
				CLANG_CXX_LANGUAGE_STANDARD = "gnu++14";
				CLANG_CXX_LIBRARY = "libc++";
				CLANG_ENABLE_MODULES = YES;
				CLANG_ENABLE_OBJC_ARC = YES;
				CLANG_ENABLE_OBJC_WEAK = YES;
				CLANG_WARN_BLOCK_CAPTURE_AUTORELEASING = YES;
				CLANG_WARN_BOOL_CONVERSION = YES;
				CLANG_WARN_COMMA = YES;
				CLANG_WARN_CONSTANT_CONVERSION = YES;
				CLANG_WARN_DEPRECATED_OBJC_IMPLEMENTATIONS = YES;
				CLANG_WARN_DIRECT_OBJC_ISA_USAGE = YES_ERROR;
				CLANG_WARN_DOCUMENTATION_COMMENTS = YES;
				CLANG_WARN_EMPTY_BODY = YES;
				CLANG_WARN_ENUM_CONVERSION = YES;
				CLANG_WARN_INFINITE_RECURSION = YES;
				CLANG_WARN_INT_CONVERSION = YES;
				CLANG_WARN_NON_LITERAL_NULL_CONVERSION = YES;
				CLANG_WARN_OBJC_IMPLICIT_RETAIN_SELF = YES;
				CLANG_WARN_OBJC_LITERAL_CONVERSION = YES;
				CLANG_WARN_OBJC_ROOT_CLASS = YES_ERROR;
				CLANG_WARN_QUOTED_INCLUDE_IN_FRAMEWORK_HEADER = YES;
				CLANG_WARN_RANGE_LOOP_ANALYSIS = YES;
				CLANG_WARN_STRICT_PROTOTYPES = YES;
				CLANG_WARN_SUSPICIOUS_MOVE = YES;
				CLANG_WARN_UNGUARDED_AVAILABILITY = YES_AGGRESSIVE;
				CLANG_WARN_UNREACHABLE_CODE = YES;
				CLANG_WARN__DUPLICATE_METHOD_MATCH = YES;
				COPY_PHASE_STRIP = NO;
				DEBUG_INFORMATION_FORMAT = "dwarf-with-dsym";
				ENABLE_NS_ASSERTIONS = NO;
				ENABLE_STRICT_OBJC_MSGSEND = YES;
				GCC_C_LANGUAGE_STANDARD = gnu11;
				GCC_NO_COMMON_BLOCKS = YES;
				GCC_WARN_64_TO_32_BIT_CONVERSION = YES;
				GCC_WARN_ABOUT_RETURN_TYPE = YES_ERROR;
				GCC_WARN_UNDECLARED_SELECTOR = YES;
				GCC_WARN_UNINITIALIZED_AUTOS = YES_AGGRESSIVE;
				GCC_WARN_UNUSED_FUNCTION = YES;
				GCC_WARN_UNUSED_VARIABLE = YES;
				IPHONEOS_DEPLOYMENT_TARGET = 14.4;
				MTL_ENABLE_DEBUG_INFO = NO;
				MTL_FAST_MATH = YES;
				SDKROOT = iphoneos;
				SWIFT_COMPILATION_MODE = wholemodule;
				SWIFT_OPTIMIZATION_LEVEL = "-O";
				VALIDATE_PRODUCT = YES;
			};
			name = Release;
		};
		542323952641A8DB007E5ABD /* Debug */ = {
			isa = XCBuildConfiguration;
			buildSettings = {
				ASSETCATALOG_COMPILER_APPICON_NAME = AppIcon;
				ASSETCATALOG_COMPILER_GLOBAL_ACCENT_COLOR_NAME = AccentColor;
				CODE_SIGN_STYLE = Automatic;
				INFOPLIST_FILE = Quiz/Info.plist;
				LD_RUNPATH_SEARCH_PATHS = (
					"$(inherited)",
					"@executable_path/Frameworks",
				);
				PRODUCT_BUNDLE_IDENTIFIER = com.mart.Quiz;
				PRODUCT_NAME = "$(TARGET_NAME)";
				SWIFT_VERSION = 5.0;
				TARGETED_DEVICE_FAMILY = "1,2";
			};
			name = Debug;
		};
		542323962641A8DB007E5ABD /* Release */ = {
			isa = XCBuildConfiguration;
			buildSettings = {
				ASSETCATALOG_COMPILER_APPICON_NAME = AppIcon;
				ASSETCATALOG_COMPILER_GLOBAL_ACCENT_COLOR_NAME = AccentColor;
				CODE_SIGN_STYLE = Automatic;
				INFOPLIST_FILE = Quiz/Info.plist;
				LD_RUNPATH_SEARCH_PATHS = (
					"$(inherited)",
					"@executable_path/Frameworks",
				);
				PRODUCT_BUNDLE_IDENTIFIER = com.mart.Quiz;
				PRODUCT_NAME = "$(TARGET_NAME)";
				SWIFT_VERSION = 5.0;
				TARGETED_DEVICE_FAMILY = "1,2";
			};
			name = Release;
		};
		542323982641A8DB007E5ABD /* Debug */ = {
			isa = XCBuildConfiguration;
			buildSettings = {
				ALWAYS_EMBED_SWIFT_STANDARD_LIBRARIES = YES;
				BUNDLE_LOADER = "$(TEST_HOST)";
				CODE_SIGN_STYLE = Automatic;
				INFOPLIST_FILE = QuizTests/Info.plist;
				IPHONEOS_DEPLOYMENT_TARGET = 14.4;
				LD_RUNPATH_SEARCH_PATHS = (
					"$(inherited)",
					"@executable_path/Frameworks",
					"@loader_path/Frameworks",
				);
				PRODUCT_BUNDLE_IDENTIFIER = com.mart.QuizTests;
				PRODUCT_NAME = "$(TARGET_NAME)";
				SWIFT_VERSION = 5.0;
				TARGETED_DEVICE_FAMILY = "1,2";
				TEST_HOST = "$(BUILT_PRODUCTS_DIR)/Quiz.app/Quiz";
			};
			name = Debug;
		};
		542323992641A8DB007E5ABD /* Release */ = {
			isa = XCBuildConfiguration;
			buildSettings = {
				ALWAYS_EMBED_SWIFT_STANDARD_LIBRARIES = YES;
				BUNDLE_LOADER = "$(TEST_HOST)";
				CODE_SIGN_STYLE = Automatic;
				INFOPLIST_FILE = QuizTests/Info.plist;
				IPHONEOS_DEPLOYMENT_TARGET = 14.4;
				LD_RUNPATH_SEARCH_PATHS = (
					"$(inherited)",
					"@executable_path/Frameworks",
					"@loader_path/Frameworks",
				);
				PRODUCT_BUNDLE_IDENTIFIER = com.mart.QuizTests;
				PRODUCT_NAME = "$(TARGET_NAME)";
				SWIFT_VERSION = 5.0;
				TARGETED_DEVICE_FAMILY = "1,2";
				TEST_HOST = "$(BUILT_PRODUCTS_DIR)/Quiz.app/Quiz";
			};
			name = Release;
		};
		5423239B2641A8DB007E5ABD /* Debug */ = {
			isa = XCBuildConfiguration;
			buildSettings = {
				ALWAYS_EMBED_SWIFT_STANDARD_LIBRARIES = YES;
				CODE_SIGN_STYLE = Automatic;
				INFOPLIST_FILE = QuizUITests/Info.plist;
				LD_RUNPATH_SEARCH_PATHS = (
					"$(inherited)",
					"@executable_path/Frameworks",
					"@loader_path/Frameworks",
				);
				PRODUCT_BUNDLE_IDENTIFIER = com.mart.QuizUITests;
				PRODUCT_NAME = "$(TARGET_NAME)";
				SWIFT_VERSION = 5.0;
				TARGETED_DEVICE_FAMILY = "1,2";
				TEST_TARGET_NAME = Quiz;
			};
			name = Debug;
		};
		5423239C2641A8DB007E5ABD /* Release */ = {
			isa = XCBuildConfiguration;
			buildSettings = {
				ALWAYS_EMBED_SWIFT_STANDARD_LIBRARIES = YES;
				CODE_SIGN_STYLE = Automatic;
				INFOPLIST_FILE = QuizUITests/Info.plist;
				LD_RUNPATH_SEARCH_PATHS = (
					"$(inherited)",
					"@executable_path/Frameworks",
					"@loader_path/Frameworks",
				);
				PRODUCT_BUNDLE_IDENTIFIER = com.mart.QuizUITests;
				PRODUCT_NAME = "$(TARGET_NAME)";
				SWIFT_VERSION = 5.0;
				TARGETED_DEVICE_FAMILY = "1,2";
				TEST_TARGET_NAME = Quiz;
			};
			name = Release;
		};
/* End XCBuildConfiguration section */

/* Begin XCConfigurationList section */
		542323652641A8D9007E5ABD /* Build configuration list for PBXProject "Quiz" */ = {
			isa = XCConfigurationList;
			buildConfigurations = (
				542323922641A8DB007E5ABD /* Debug */,
				542323932641A8DB007E5ABD /* Release */,
			);
			defaultConfigurationIsVisible = 0;
			defaultConfigurationName = Release;
		};
		542323942641A8DB007E5ABD /* Build configuration list for PBXNativeTarget "Quiz" */ = {
			isa = XCConfigurationList;
			buildConfigurations = (
				542323952641A8DB007E5ABD /* Debug */,
				542323962641A8DB007E5ABD /* Release */,
			);
			defaultConfigurationIsVisible = 0;
			defaultConfigurationName = Release;
		};
		542323972641A8DB007E5ABD /* Build configuration list for PBXNativeTarget "QuizTests" */ = {
			isa = XCConfigurationList;
			buildConfigurations = (
				542323982641A8DB007E5ABD /* Debug */,
				542323992641A8DB007E5ABD /* Release */,
			);
			defaultConfigurationIsVisible = 0;
			defaultConfigurationName = Release;
		};
		5423239A2641A8DB007E5ABD /* Build configuration list for PBXNativeTarget "QuizUITests" */ = {
			isa = XCConfigurationList;
			buildConfigurations = (
				5423239B2641A8DB007E5ABD /* Debug */,
				5423239C2641A8DB007E5ABD /* Release */,
			);
			defaultConfigurationIsVisible = 0;
			defaultConfigurationName = Release;
		};
/* End XCConfigurationList section */
	};
	rootObject = 542323622641A8D9007E5ABD /* Project object */;
}
